
Microsoft Visual Studio Solution File, Format Version 12.00
# Visual Studio Version 17
VisualStudioVersion = 17.10.35201.131
MinimumVisualStudioVersion = 10.0.40219.1
Project("{FAE04EC0-301F-11D3-BF4B-00C04F79EFBC}") = "ATR_TR", "MyATR\ATR_TR.csproj", "{5CC07CBD-39A1-47B8-B126-F9594FF39409}"
EndProject
Global
	GlobalSection(SolutionConfigurationPlatforms) = preSolution
		Debug|Any CPU = Debug|Any CPU
		Release|Any CPU = Release|Any CPU
	EndGlobalSection
	GlobalSection(ProjectConfigurationPlatforms) = postSolution
		{5CC07CBD-39A1-47B8-B126-F9594FF39409}.Debug|Any CPU.ActiveCfg = Debug|Any CPU
		{5CC07CBD-39A1-47B8-B126-F9594FF39409}.Debug|Any CPU.Build.0 = Debug|Any CPU
		{5CC07CBD-39A1-47B8-B126-F9594FF39409}.Release|Any CPU.ActiveCfg = Release|Any CPU
		{5CC07CBD-39A1-47B8-B126-F9594FF39409}.Release|Any CPU.Build.0 = Release|Any CPU
	EndGlobalSection
	GlobalSection(SolutionProperties) = preSolution
		HideSolutionNode = FALSE
	EndGlobalSection
	GlobalSection(ExtensibilityGlobals) = postSolution
		SolutionGuid = {C3ABD7E8-2FEF-41DC-AAD4-1C53F441C9FF}
	EndGlobalSection
EndGlobal
